
Microsoft Visual Studio Solution File, Format Version 12.00
# Visual Studio Version 17
VisualStudioVersion = 17.0.31717.71
MinimumVisualStudioVersion = 10.0.40219.1
Project("{9A19103F-16F7-4668-BE54-9A1E7A4F7556}") = "MyDemoProjects.Client", "MyDemoProjects.Client.csproj", "{F38A2053-8DCB-461A-AC2B-1C4570103232}"
EndProject
Global
	GlobalSection(SolutionConfigurationPlatforms) = preSolution
		Debug|Any CPU = Debug|Any CPU
		Release|Any CPU = Release|Any CPU
	EndGlobalSection
	GlobalSection(ProjectConfigurationPlatforms) = postSolution
		{F38A2053-8DCB-461A-AC2B-1C4570103232}.Debug|Any CPU.ActiveCfg = Debug|Any CPU
		{F38A2053-8DCB-461A-AC2B-1C4570103232}.Debug|Any CPU.Build.0 = Debug|Any CPU
		{F38A2053-8DCB-461A-AC2B-1C4570103232}.Release|Any CPU.ActiveCfg = Release|Any CPU
		{F38A2053-8DCB-461A-AC2B-1C4570103232}.Release|Any CPU.Build.0 = Release|Any CPU
	EndGlobalSection
	GlobalSection(SolutionProperties) = preSolution
		HideSolutionNode = FALSE
	EndGlobalSection
	GlobalSection(ExtensibilityGlobals) = postSolution
		SolutionGuid = {940EFF99-4364-4455-9012-F5E8B6E86AEA}
	EndGlobalSection
EndGlobal