
Microsoft Visual Studio Solution File, Format Version 12.00
# Visual Studio Version 17
VisualStudioVersion = 17.3.32804.467
MinimumVisualStudioVersion = 10.0.40219.1
Project("{9A19103F-16F7-4668-BE54-9A1E7A4F7556}") = "MyDemoProjects.Client", "Client\MyDemoProjects.Client.csproj", "{BC95F527-E8A6-4BAE-A954-18D4A405B3D1}"
EndProject
Project("{9A19103F-16F7-4668-BE54-9A1E7A4F7556}") = "MyDemoProjects.Application", "MyDemoProjects.Application\MyDemoProjects.Application.csproj", "{C1932CA3-E174-46A7-877A-80BF76C5038E}"
EndProject
Project("{9A19103F-16F7-4668-BE54-9A1E7A4F7556}") = "MyDemoProjects.UI", "MyDemoProjects.UI\MyDemoProjects.UI.csproj", "{5529B071-114B-4AB2-8F2E-50BA2372FA5D}"
EndProject
Global
	GlobalSection(SolutionConfigurationPlatforms) = preSolution
		Debug|Any CPU = Debug|Any CPU
		Release|Any CPU = Release|Any CPU
	EndGlobalSection
	GlobalSection(ProjectConfigurationPlatforms) = postSolution
		{BC95F527-E8A6-4BAE-A954-18D4A405B3D1}.Debug|Any CPU.ActiveCfg = Debug|Any CPU
		{BC95F527-E8A6-4BAE-A954-18D4A405B3D1}.Debug|Any CPU.Build.0 = Debug|Any CPU
		{BC95F527-E8A6-4BAE-A954-18D4A405B3D1}.Release|Any CPU.ActiveCfg = Release|Any CPU
		{BC95F527-E8A6-4BAE-A954-18D4A405B3D1}.Release|Any CPU.Build.0 = Release|Any CPU
		{C1932CA3-E174-46A7-877A-80BF76C5038E}.Debug|Any CPU.ActiveCfg = Debug|Any CPU
		{C1932CA3-E174-46A7-877A-80BF76C5038E}.Debug|Any CPU.Build.0 = Debug|Any CPU
		{C1932CA3-E174-46A7-877A-80BF76C5038E}.Release|Any CPU.ActiveCfg = Release|Any CPU
		{C1932CA3-E174-46A7-877A-80BF76C5038E}.Release|Any CPU.Build.0 = Release|Any CPU
		{5529B071-114B-4AB2-8F2E-50BA2372FA5D}.Debug|Any CPU.ActiveCfg = Debug|Any CPU
		{5529B071-114B-4AB2-8F2E-50BA2372FA5D}.Debug|Any CPU.Build.0 = Debug|Any CPU
		{5529B071-114B-4AB2-8F2E-50BA2372FA5D}.Release|Any CPU.ActiveCfg = Release|Any CPU
		{5529B071-114B-4AB2-8F2E-50BA2372FA5D}.Release|Any CPU.Build.0 = Release|Any CPU
	EndGlobalSection
	GlobalSection(SolutionProperties) = preSolution
		HideSolutionNode = FALSE
	EndGlobalSection
	GlobalSection(ExtensibilityGlobals) = postSolution
		SolutionGuid = {22805527-EF6C-4D4D-9EDD-DB5F24213180}
	EndGlobalSection
EndGlobal
