
Microsoft Visual Studio Solution File, Format Version 12.00
# Visual Studio Version 17
VisualStudioVersion = 17.3.32804.467
MinimumVisualStudioVersion = 10.0.40219.1
Project("{9A19103F-16F7-4668-BE54-9A1E7A4F7556}") = "MyDemoProjects.Application", "MyDemoProjects.Application\MyDemoProjects.Application.csproj", "{C1932CA3-E174-46A7-877A-80BF76C5038E}"
EndProject
Project("{9A19103F-16F7-4668-BE54-9A1E7A4F7556}") = "MyDemoProjects.UI", "MyDemoProjects.UI\MyDemoProjects.UI.csproj", "{5529B071-114B-4AB2-8F2E-50BA2372FA5D}"
EndProject
Project("{9A19103F-16F7-4668-BE54-9A1E7A4F7556}") = "MyDemoProjects.Api", "MyDemoProjects.Api\MyDemoProjects.Api.csproj", "{8BDA045D-6829-4B9B-B832-FBAD9635F7F8}"
EndProject
Project("{E53339B2-1760-4266-BCC7-CA923CBCF16C}") = "docker-compose", "docker-compose.dcproj", "{6AD25BCC-6135-4DFE-8A55-245F16268DA4}"
EndProject
Project("{FAE04EC0-301F-11D3-BF4B-00C04F79EFBC}") = "MyDemoProjects.TestProject", "..\MyDemoProjects.TestProject\MyDemoProjects.TestProject.csproj", "{AF0A59C3-B392-4B5E-BAB6-153C06452E2F}"
EndProject
Global
	GlobalSection(SolutionConfigurationPlatforms) = preSolution
		Debug|Any CPU = Debug|Any CPU
		Release|Any CPU = Release|Any CPU
	EndGlobalSection
	GlobalSection(ProjectConfigurationPlatforms) = postSolution
		{C1932CA3-E174-46A7-877A-80BF76C5038E}.Debug|Any CPU.ActiveCfg = Debug|Any CPU
		{C1932CA3-E174-46A7-877A-80BF76C5038E}.Debug|Any CPU.Build.0 = Debug|Any CPU
		{C1932CA3-E174-46A7-877A-80BF76C5038E}.Release|Any CPU.ActiveCfg = Release|Any CPU
		{C1932CA3-E174-46A7-877A-80BF76C5038E}.Release|Any CPU.Build.0 = Release|Any CPU
		{5529B071-114B-4AB2-8F2E-50BA2372FA5D}.Debug|Any CPU.ActiveCfg = Debug|Any CPU
		{5529B071-114B-4AB2-8F2E-50BA2372FA5D}.Debug|Any CPU.Build.0 = Debug|Any CPU
		{5529B071-114B-4AB2-8F2E-50BA2372FA5D}.Release|Any CPU.ActiveCfg = Release|Any CPU
		{5529B071-114B-4AB2-8F2E-50BA2372FA5D}.Release|Any CPU.Build.0 = Release|Any CPU
		{8BDA045D-6829-4B9B-B832-FBAD9635F7F8}.Debug|Any CPU.ActiveCfg = Debug|Any CPU
		{8BDA045D-6829-4B9B-B832-FBAD9635F7F8}.Debug|Any CPU.Build.0 = Debug|Any CPU
		{8BDA045D-6829-4B9B-B832-FBAD9635F7F8}.Release|Any CPU.ActiveCfg = Release|Any CPU
		{8BDA045D-6829-4B9B-B832-FBAD9635F7F8}.Release|Any CPU.Build.0 = Release|Any CPU
		{6AD25BCC-6135-4DFE-8A55-245F16268DA4}.Debug|Any CPU.ActiveCfg = Debug|Any CPU
		{6AD25BCC-6135-4DFE-8A55-245F16268DA4}.Debug|Any CPU.Build.0 = Debug|Any CPU
		{6AD25BCC-6135-4DFE-8A55-245F16268DA4}.Release|Any CPU.ActiveCfg = Release|Any CPU
		{6AD25BCC-6135-4DFE-8A55-245F16268DA4}.Release|Any CPU.Build.0 = Release|Any CPU
		{AF0A59C3-B392-4B5E-BAB6-153C06452E2F}.Debug|Any CPU.ActiveCfg = Debug|Any CPU
		{AF0A59C3-B392-4B5E-BAB6-153C06452E2F}.Debug|Any CPU.Build.0 = Debug|Any CPU
		{AF0A59C3-B392-4B5E-BAB6-153C06452E2F}.Release|Any CPU.ActiveCfg = Release|Any CPU
		{AF0A59C3-B392-4B5E-BAB6-153C06452E2F}.Release|Any CPU.Build.0 = Release|Any CPU
	EndGlobalSection
	GlobalSection(SolutionProperties) = preSolution
		HideSolutionNode = FALSE
	EndGlobalSection
	GlobalSection(ExtensibilityGlobals) = postSolution
		SolutionGuid = {22805527-EF6C-4D4D-9EDD-DB5F24213180}
	EndGlobalSection
EndGlobal
